# THIS IS AN AUTOGENERATED FILE. DO NOT EDIT THIS FILE DIRECTLY.
# yarn lockfile v1


"@types/babel-core@^6.7.14":
  version "6.7.14"
  resolved "https://registry.yarnpkg.com/@types/babel-core/-/babel-core-6.7.14.tgz#a08c900a98e8987c1a98d2ea4fa0a1805a7d131f"
  dependencies:
    "@types/babel-template" "*"
    "@types/babel-traverse" "*"
    "@types/babel-types" "*"

"@types/babel-template@*":
  version "6.7.14"
  resolved "https://registry.yarnpkg.com/@types/babel-template/-/babel-template-6.7.14.tgz#8088a56f9d697d620d3d079c3ef66025b7a08d02"
  dependencies:
    "@types/babel-types" "*"
    "@types/babylon" "*"

"@types/babel-traverse@*":
  version "6.7.16"
  resolved "https://registry.yarnpkg.com/@types/babel-traverse/-/babel-traverse-6.7.16.tgz#52f475893b8633f653499d745302fa5572a7bd05"
  dependencies:
    "@types/babel-types" "*"

"@types/babel-types@*":
  version "6.7.16"
  resolved "https://registry.yarnpkg.com/@types/babel-types/-/babel-types-6.7.16.tgz#e2602896636858a0067971f7ca4bb8678038293f"

"@types/babylon@*":
  version "6.16.1"
  resolved "https://registry.yarnpkg.com/@types/babylon/-/babylon-6.16.1.tgz#e4d10ab9e43a73703a17c6f41438bede28769340"
  dependencies:
    "@types/babel-types" "*"
